{
  "requires": true,
  "lockfileVersion": 1,
  "dependencies": {
    "af-table-column": {
      "version": "1.0.3",
      "resolved": "https://registry.npmjs.org/af-table-column/-/af-table-column-1.0.3.tgz",
      "integrity": "sha512-zdI7MsmppAZemofr4zM7Kae7CGQGlyfnbTj6l0DgNDfRtzJs7ryiX7fbAq96MCRtt4EVcrZ+fX+rnpznrpB34Q==",
      "requires": {
        "vue": "^2.6.10"
      }
    },
    "vue": {
      "version": "2.6.11",
      "resolved": "https://registry.npmjs.org/vue/-/vue-2.6.11.tgz",
      "integrity": "sha512-VfPwgcGABbGAue9+sfrD4PuwFar7gPb1yl1UK1MwXoQPAw0BKSqWfoYCT/ThFrdEVWoI51dBuyCoiNU9bZDZxQ=="
    }
  }
}
